
Microsoft Visual Studio Solution File, Format Version 12.00
# Visual Studio Version 17
VisualStudioVersion = 17.6.33829.357
MinimumVisualStudioVersion = 10.0.40219.1
Project("{2150E333-8FDC-42A3-9474-1A3956D46DE8}") = "Services", "Services", "{603C29CB-498D-4C00-AC0F-65D43A9BFA91}"
EndProject
Project("{2150E333-8FDC-42A3-9474-1A3956D46DE8}") = "Catalog", "Catalog", "{63FBDBB1-3CF3-4A35-AEF2-2510044762DC}"
EndProject
Project("{9A19103F-16F7-4668-BE54-9A1E7A4F7556}") = "Course.Services.Catalog", "Services\Catalog\Course.Services.Catalog\Course.Services.Catalog.csproj", "{6FAD877F-AFB3-464E-9ED0-1C418442BE1B}"
EndProject
Project("{2150E333-8FDC-42A3-9474-1A3956D46DE8}") = "Solution Items", "Solution Items", "{DCC8EBA6-A3F0-4256-9374-35B7E1C37B01}"
	ProjectSection(SolutionItems) = preProject
		Port.txt = Port.txt
	EndProjectSection
EndProject
Project("{2150E333-8FDC-42A3-9474-1A3956D46DE8}") = "Shared", "Shared", "{7F20770C-5A37-42B9-A123-650815180D52}"
EndProject
Project("{9A19103F-16F7-4668-BE54-9A1E7A4F7556}") = "Course.Shared", "Shared\Course.Shared\Course.Shared.csproj", "{B2A52283-4157-4D31-9F89-C7618996CA8F}"
EndProject
Project("{2150E333-8FDC-42A3-9474-1A3956D46DE8}") = "IdentityServer", "IdentityServer", "{8F82ED2D-D7F2-4192-87B0-23B49F9412DE}"
EndProject
Project("{9A19103F-16F7-4668-BE54-9A1E7A4F7556}") = "Course.IdentityServer", "IdentityServer\Course.IdentityServer\Course.IdentityServer.csproj", "{12C846FC-1299-4147-831D-7382576395C4}"
EndProject
Project("{2150E333-8FDC-42A3-9474-1A3956D46DE8}") = "PhotoStock", "PhotoStock", "{F8C6867E-8F8F-4133-BC14-AAE43E690701}"
EndProject
Project("{9A19103F-16F7-4668-BE54-9A1E7A4F7556}") = "Course.Service.PhotoStock", "Services\PhotoStock\Course.Service.PhotoStock\Course.Service.PhotoStock.csproj", "{BEE49C55-730A-44AA-8142-8325F6485F22}"
EndProject
Project("{2150E333-8FDC-42A3-9474-1A3956D46DE8}") = "Basket", "Basket", "{06C67AAA-5C61-41CF-9A09-8690214231A2}"
EndProject
Project("{2150E333-8FDC-42A3-9474-1A3956D46DE8}") = "Discount", "Discount", "{675C770B-7CBB-43E1-8110-1979095809BC}"
EndProject
Project("{9A19103F-16F7-4668-BE54-9A1E7A4F7556}") = "Course.Services.Discount", "Services\Discount\Course.Services.Discount\Course.Services.Discount.csproj", "{D35C3259-BDD2-4F93-B947-41EA3D5C2C29}"
EndProject
Project("{9A19103F-16F7-4668-BE54-9A1E7A4F7556}") = "Course.Services.Basket", "Services\Basket\Course.Services.Basket\Course.Services.Basket.csproj", "{88EAA9A9-19EF-4E5D-89A4-5A5926BBACAD}"
EndProject
Project("{2150E333-8FDC-42A3-9474-1A3956D46DE8}") = "Order", "Order", "{099D43DC-094B-4DDA-86CF-8FBF4EA5B329}"
EndProject
Project("{FAE04EC0-301F-11D3-BF4B-00C04F79EFBC}") = "Course.Services.Order.API", "Services\Order\Course.Services.Order.API\Course.Services.Order.API.csproj", "{EBE3A240-31CF-4253-8FA1-017F1360511C}"
EndProject
Project("{FAE04EC0-301F-11D3-BF4B-00C04F79EFBC}") = "Course.Services.Order.Application", "Services\Order\Course.Services.Order.Application\Course.Services.Order.Application.csproj", "{9DD54DA6-CEB9-416F-BF08-4FD68A696B05}"
EndProject
Project("{FAE04EC0-301F-11D3-BF4B-00C04F79EFBC}") = "Course.Services.Order.Domain", "Services\Order\Course.Services.Order.Domain\Course.Services.Order.Domain.csproj", "{CFBF46AE-39D2-42F8-8B16-6EE58C959129}"
EndProject
Project("{FAE04EC0-301F-11D3-BF4B-00C04F79EFBC}") = "Course.Services.Order.Domain.Core", "Services\Order\Course.Services.Order.Domain.Core\Course.Services.Order.Domain.Core.csproj", "{37BFD9CB-DB40-437F-8229-B09EC4639940}"
EndProject
Global
	GlobalSection(SolutionConfigurationPlatforms) = preSolution
		Debug|Any CPU = Debug|Any CPU
		Release|Any CPU = Release|Any CPU
	EndGlobalSection
	GlobalSection(ProjectConfigurationPlatforms) = postSolution
		{6FAD877F-AFB3-464E-9ED0-1C418442BE1B}.Debug|Any CPU.ActiveCfg = Debug|Any CPU
		{6FAD877F-AFB3-464E-9ED0-1C418442BE1B}.Debug|Any CPU.Build.0 = Debug|Any CPU
		{6FAD877F-AFB3-464E-9ED0-1C418442BE1B}.Release|Any CPU.ActiveCfg = Release|Any CPU
		{6FAD877F-AFB3-464E-9ED0-1C418442BE1B}.Release|Any CPU.Build.0 = Release|Any CPU
		{B2A52283-4157-4D31-9F89-C7618996CA8F}.Debug|Any CPU.ActiveCfg = Debug|Any CPU
		{B2A52283-4157-4D31-9F89-C7618996CA8F}.Debug|Any CPU.Build.0 = Debug|Any CPU
		{B2A52283-4157-4D31-9F89-C7618996CA8F}.Release|Any CPU.ActiveCfg = Release|Any CPU
		{B2A52283-4157-4D31-9F89-C7618996CA8F}.Release|Any CPU.Build.0 = Release|Any CPU
		{12C846FC-1299-4147-831D-7382576395C4}.Debug|Any CPU.ActiveCfg = Debug|Any CPU
		{12C846FC-1299-4147-831D-7382576395C4}.Debug|Any CPU.Build.0 = Debug|Any CPU
		{12C846FC-1299-4147-831D-7382576395C4}.Release|Any CPU.ActiveCfg = Release|Any CPU
		{12C846FC-1299-4147-831D-7382576395C4}.Release|Any CPU.Build.0 = Release|Any CPU
		{BEE49C55-730A-44AA-8142-8325F6485F22}.Debug|Any CPU.ActiveCfg = Debug|Any CPU
		{BEE49C55-730A-44AA-8142-8325F6485F22}.Debug|Any CPU.Build.0 = Debug|Any CPU
		{BEE49C55-730A-44AA-8142-8325F6485F22}.Release|Any CPU.ActiveCfg = Release|Any CPU
		{BEE49C55-730A-44AA-8142-8325F6485F22}.Release|Any CPU.Build.0 = Release|Any CPU
		{D35C3259-BDD2-4F93-B947-41EA3D5C2C29}.Debug|Any CPU.ActiveCfg = Debug|Any CPU
		{D35C3259-BDD2-4F93-B947-41EA3D5C2C29}.Debug|Any CPU.Build.0 = Debug|Any CPU
		{D35C3259-BDD2-4F93-B947-41EA3D5C2C29}.Release|Any CPU.ActiveCfg = Release|Any CPU
		{D35C3259-BDD2-4F93-B947-41EA3D5C2C29}.Release|Any CPU.Build.0 = Release|Any CPU
		{88EAA9A9-19EF-4E5D-89A4-5A5926BBACAD}.Debug|Any CPU.ActiveCfg = Debug|Any CPU
		{88EAA9A9-19EF-4E5D-89A4-5A5926BBACAD}.Debug|Any CPU.Build.0 = Debug|Any CPU
		{88EAA9A9-19EF-4E5D-89A4-5A5926BBACAD}.Release|Any CPU.ActiveCfg = Release|Any CPU
		{88EAA9A9-19EF-4E5D-89A4-5A5926BBACAD}.Release|Any CPU.Build.0 = Release|Any CPU
		{EBE3A240-31CF-4253-8FA1-017F1360511C}.Debug|Any CPU.ActiveCfg = Debug|Any CPU
		{EBE3A240-31CF-4253-8FA1-017F1360511C}.Debug|Any CPU.Build.0 = Debug|Any CPU
		{EBE3A240-31CF-4253-8FA1-017F1360511C}.Release|Any CPU.ActiveCfg = Release|Any CPU
		{EBE3A240-31CF-4253-8FA1-017F1360511C}.Release|Any CPU.Build.0 = Release|Any CPU
		{9DD54DA6-CEB9-416F-BF08-4FD68A696B05}.Debug|Any CPU.ActiveCfg = Debug|Any CPU
		{9DD54DA6-CEB9-416F-BF08-4FD68A696B05}.Debug|Any CPU.Build.0 = Debug|Any CPU
		{9DD54DA6-CEB9-416F-BF08-4FD68A696B05}.Release|Any CPU.ActiveCfg = Release|Any CPU
		{9DD54DA6-CEB9-416F-BF08-4FD68A696B05}.Release|Any CPU.Build.0 = Release|Any CPU
		{CFBF46AE-39D2-42F8-8B16-6EE58C959129}.Debug|Any CPU.ActiveCfg = Debug|Any CPU
		{CFBF46AE-39D2-42F8-8B16-6EE58C959129}.Debug|Any CPU.Build.0 = Debug|Any CPU
		{CFBF46AE-39D2-42F8-8B16-6EE58C959129}.Release|Any CPU.ActiveCfg = Release|Any CPU
		{CFBF46AE-39D2-42F8-8B16-6EE58C959129}.Release|Any CPU.Build.0 = Release|Any CPU
		{37BFD9CB-DB40-437F-8229-B09EC4639940}.Debug|Any CPU.ActiveCfg = Debug|Any CPU
		{37BFD9CB-DB40-437F-8229-B09EC4639940}.Debug|Any CPU.Build.0 = Debug|Any CPU
		{37BFD9CB-DB40-437F-8229-B09EC4639940}.Release|Any CPU.ActiveCfg = Release|Any CPU
		{37BFD9CB-DB40-437F-8229-B09EC4639940}.Release|Any CPU.Build.0 = Release|Any CPU
	EndGlobalSection
	GlobalSection(SolutionProperties) = preSolution
		HideSolutionNode = FALSE
	EndGlobalSection
	GlobalSection(NestedProjects) = preSolution
		{63FBDBB1-3CF3-4A35-AEF2-2510044762DC} = {603C29CB-498D-4C00-AC0F-65D43A9BFA91}
		{6FAD877F-AFB3-464E-9ED0-1C418442BE1B} = {63FBDBB1-3CF3-4A35-AEF2-2510044762DC}
		{B2A52283-4157-4D31-9F89-C7618996CA8F} = {7F20770C-5A37-42B9-A123-650815180D52}
		{12C846FC-1299-4147-831D-7382576395C4} = {8F82ED2D-D7F2-4192-87B0-23B49F9412DE}
		{F8C6867E-8F8F-4133-BC14-AAE43E690701} = {603C29CB-498D-4C00-AC0F-65D43A9BFA91}
		{BEE49C55-730A-44AA-8142-8325F6485F22} = {F8C6867E-8F8F-4133-BC14-AAE43E690701}
		{06C67AAA-5C61-41CF-9A09-8690214231A2} = {603C29CB-498D-4C00-AC0F-65D43A9BFA91}
		{675C770B-7CBB-43E1-8110-1979095809BC} = {603C29CB-498D-4C00-AC0F-65D43A9BFA91}
		{D35C3259-BDD2-4F93-B947-41EA3D5C2C29} = {675C770B-7CBB-43E1-8110-1979095809BC}
		{88EAA9A9-19EF-4E5D-89A4-5A5926BBACAD} = {06C67AAA-5C61-41CF-9A09-8690214231A2}
		{099D43DC-094B-4DDA-86CF-8FBF4EA5B329} = {603C29CB-498D-4C00-AC0F-65D43A9BFA91}
		{EBE3A240-31CF-4253-8FA1-017F1360511C} = {099D43DC-094B-4DDA-86CF-8FBF4EA5B329}
		{9DD54DA6-CEB9-416F-BF08-4FD68A696B05} = {099D43DC-094B-4DDA-86CF-8FBF4EA5B329}
		{CFBF46AE-39D2-42F8-8B16-6EE58C959129} = {099D43DC-094B-4DDA-86CF-8FBF4EA5B329}
		{37BFD9CB-DB40-437F-8229-B09EC4639940} = {099D43DC-094B-4DDA-86CF-8FBF4EA5B329}
	EndGlobalSection
	GlobalSection(ExtensibilityGlobals) = postSolution
		SolutionGuid = {A4CF1B10-765A-4B0B-A3AC-58E752EC890B}
	EndGlobalSection
EndGlobal
