
Microsoft Visual Studio Solution File, Format Version 12.00
# Visual Studio Version 17
VisualStudioVersion = 17.6.33829.357
MinimumVisualStudioVersion = 10.0.40219.1
Project("{2150E333-8FDC-42A3-9474-1A3956D46DE8}") = "Services", "Services", "{603C29CB-498D-4C00-AC0F-65D43A9BFA91}"
EndProject
Project("{2150E333-8FDC-42A3-9474-1A3956D46DE8}") = "Catalog", "Catalog", "{63FBDBB1-3CF3-4A35-AEF2-2510044762DC}"
EndProject
Project("{9A19103F-16F7-4668-BE54-9A1E7A4F7556}") = "Course.Services.Catalog", "Services\Catalog\Course.Services.Catalog\Course.Services.Catalog.csproj", "{6FAD877F-AFB3-464E-9ED0-1C418442BE1B}"
EndProject
Project("{2150E333-8FDC-42A3-9474-1A3956D46DE8}") = "Solution Items", "Solution Items", "{DCC8EBA6-A3F0-4256-9374-35B7E1C37B01}"
	ProjectSection(SolutionItems) = preProject
		Port.txt = Port.txt
	EndProjectSection
EndProject
Project("{2150E333-8FDC-42A3-9474-1A3956D46DE8}") = "Shared", "Shared", "{7F20770C-5A37-42B9-A123-650815180D52}"
EndProject
Project("{9A19103F-16F7-4668-BE54-9A1E7A4F7556}") = "Course.Shared", "Shared\Course.Shared\Course.Shared.csproj", "{B2A52283-4157-4D31-9F89-C7618996CA8F}"
EndProject
Project("{2150E333-8FDC-42A3-9474-1A3956D46DE8}") = "IdentityServer", "IdentityServer", "{8F82ED2D-D7F2-4192-87B0-23B49F9412DE}"
EndProject
Project("{9A19103F-16F7-4668-BE54-9A1E7A4F7556}") = "Course.IdentityServer", "IdentityServer\Course.IdentityServer\Course.IdentityServer.csproj", "{12C846FC-1299-4147-831D-7382576395C4}"
EndProject
Global
	GlobalSection(SolutionConfigurationPlatforms) = preSolution
		Debug|Any CPU = Debug|Any CPU
		Release|Any CPU = Release|Any CPU
	EndGlobalSection
	GlobalSection(ProjectConfigurationPlatforms) = postSolution
		{6FAD877F-AFB3-464E-9ED0-1C418442BE1B}.Debug|Any CPU.ActiveCfg = Debug|Any CPU
		{6FAD877F-AFB3-464E-9ED0-1C418442BE1B}.Debug|Any CPU.Build.0 = Debug|Any CPU
		{6FAD877F-AFB3-464E-9ED0-1C418442BE1B}.Release|Any CPU.ActiveCfg = Release|Any CPU
		{6FAD877F-AFB3-464E-9ED0-1C418442BE1B}.Release|Any CPU.Build.0 = Release|Any CPU
		{B2A52283-4157-4D31-9F89-C7618996CA8F}.Debug|Any CPU.ActiveCfg = Debug|Any CPU
		{B2A52283-4157-4D31-9F89-C7618996CA8F}.Debug|Any CPU.Build.0 = Debug|Any CPU
		{B2A52283-4157-4D31-9F89-C7618996CA8F}.Release|Any CPU.ActiveCfg = Release|Any CPU
		{B2A52283-4157-4D31-9F89-C7618996CA8F}.Release|Any CPU.Build.0 = Release|Any CPU
		{12C846FC-1299-4147-831D-7382576395C4}.Debug|Any CPU.ActiveCfg = Debug|Any CPU
		{12C846FC-1299-4147-831D-7382576395C4}.Debug|Any CPU.Build.0 = Debug|Any CPU
		{12C846FC-1299-4147-831D-7382576395C4}.Release|Any CPU.ActiveCfg = Release|Any CPU
		{12C846FC-1299-4147-831D-7382576395C4}.Release|Any CPU.Build.0 = Release|Any CPU
	EndGlobalSection
	GlobalSection(SolutionProperties) = preSolution
		HideSolutionNode = FALSE
	EndGlobalSection
	GlobalSection(NestedProjects) = preSolution
		{63FBDBB1-3CF3-4A35-AEF2-2510044762DC} = {603C29CB-498D-4C00-AC0F-65D43A9BFA91}
		{6FAD877F-AFB3-464E-9ED0-1C418442BE1B} = {63FBDBB1-3CF3-4A35-AEF2-2510044762DC}
		{B2A52283-4157-4D31-9F89-C7618996CA8F} = {7F20770C-5A37-42B9-A123-650815180D52}
		{12C846FC-1299-4147-831D-7382576395C4} = {8F82ED2D-D7F2-4192-87B0-23B49F9412DE}
	EndGlobalSection
	GlobalSection(ExtensibilityGlobals) = postSolution
		SolutionGuid = {A4CF1B10-765A-4B0B-A3AC-58E752EC890B}
	EndGlobalSection
EndGlobal
